
Microsoft Visual Studio Solution File, Format Version 12.00
# Visual Studio Version 16
VisualStudioVersion = 16.0.30907.101
MinimumVisualStudioVersion = 10.0.40219.1
Project("{9A19103F-16F7-4668-BE54-9A1E7A4F7556}") = "DataAccess", "DataAccess\DataAccess.csproj", "{0631AB68-294D-48D1-9573-C8B4615FDD76}"
EndProject
Project("{9A19103F-16F7-4668-BE54-9A1E7A4F7556}") = "Business", "Business\Business.csproj", "{823F6052-755B-4FF3-B96B-3E8A0156D027}"
EndProject
Project("{9A19103F-16F7-4668-BE54-9A1E7A4F7556}") = "Entities", "Entities\Entities.csproj", "{951AA53D-7F8C-49E0-AF8B-69AA629C8ADF}"
EndProject
Project("{9A19103F-16F7-4668-BE54-9A1E7A4F7556}") = "ConsoleUI", "ConsoleUI\ConsoleUI.csproj", "{C4AFBC12-A181-418F-82DD-76C786EBD024}"
EndProject
Project("{9A19103F-16F7-4668-BE54-9A1E7A4F7556}") = "Core", "Core\Core.csproj", "{655CECFC-6662-4576-BA4A-5B81B01138AF}"
EndProject
Project("{FAE04EC0-301F-11D3-BF4B-00C04F79EFBC}") = "WebAPI", "WebAPI\WebAPI.csproj", "{9AC4CBB8-5541-4C14-A5B9-466CC2332A33}"
EndProject
Global
	GlobalSection(SolutionConfigurationPlatforms) = preSolution
		Debug|Any CPU = Debug|Any CPU
		Release|Any CPU = Release|Any CPU
	EndGlobalSection
	GlobalSection(ProjectConfigurationPlatforms) = postSolution
		{0631AB68-294D-48D1-9573-C8B4615FDD76}.Debug|Any CPU.ActiveCfg = Debug|Any CPU
		{0631AB68-294D-48D1-9573-C8B4615FDD76}.Debug|Any CPU.Build.0 = Debug|Any CPU
		{0631AB68-294D-48D1-9573-C8B4615FDD76}.Release|Any CPU.ActiveCfg = Release|Any CPU
		{0631AB68-294D-48D1-9573-C8B4615FDD76}.Release|Any CPU.Build.0 = Release|Any CPU
		{823F6052-755B-4FF3-B96B-3E8A0156D027}.Debug|Any CPU.ActiveCfg = Debug|Any CPU
		{823F6052-755B-4FF3-B96B-3E8A0156D027}.Debug|Any CPU.Build.0 = Debug|Any CPU
		{823F6052-755B-4FF3-B96B-3E8A0156D027}.Release|Any CPU.ActiveCfg = Release|Any CPU
		{823F6052-755B-4FF3-B96B-3E8A0156D027}.Release|Any CPU.Build.0 = Release|Any CPU
		{951AA53D-7F8C-49E0-AF8B-69AA629C8ADF}.Debug|Any CPU.ActiveCfg = Debug|Any CPU
		{951AA53D-7F8C-49E0-AF8B-69AA629C8ADF}.Debug|Any CPU.Build.0 = Debug|Any CPU
		{951AA53D-7F8C-49E0-AF8B-69AA629C8ADF}.Release|Any CPU.ActiveCfg = Release|Any CPU
		{951AA53D-7F8C-49E0-AF8B-69AA629C8ADF}.Release|Any CPU.Build.0 = Release|Any CPU
		{C4AFBC12-A181-418F-82DD-76C786EBD024}.Debug|Any CPU.ActiveCfg = Debug|Any CPU
		{C4AFBC12-A181-418F-82DD-76C786EBD024}.Debug|Any CPU.Build.0 = Debug|Any CPU
		{C4AFBC12-A181-418F-82DD-76C786EBD024}.Release|Any CPU.ActiveCfg = Release|Any CPU
		{C4AFBC12-A181-418F-82DD-76C786EBD024}.Release|Any CPU.Build.0 = Release|Any CPU
		{655CECFC-6662-4576-BA4A-5B81B01138AF}.Debug|Any CPU.ActiveCfg = Debug|Any CPU
		{655CECFC-6662-4576-BA4A-5B81B01138AF}.Debug|Any CPU.Build.0 = Debug|Any CPU
		{655CECFC-6662-4576-BA4A-5B81B01138AF}.Release|Any CPU.ActiveCfg = Release|Any CPU
		{655CECFC-6662-4576-BA4A-5B81B01138AF}.Release|Any CPU.Build.0 = Release|Any CPU
		{9AC4CBB8-5541-4C14-A5B9-466CC2332A33}.Debug|Any CPU.ActiveCfg = Debug|Any CPU
		{9AC4CBB8-5541-4C14-A5B9-466CC2332A33}.Debug|Any CPU.Build.0 = Debug|Any CPU
		{9AC4CBB8-5541-4C14-A5B9-466CC2332A33}.Release|Any CPU.ActiveCfg = Release|Any CPU
		{9AC4CBB8-5541-4C14-A5B9-466CC2332A33}.Release|Any CPU.Build.0 = Release|Any CPU
	EndGlobalSection
	GlobalSection(SolutionProperties) = preSolution
		HideSolutionNode = FALSE
	EndGlobalSection
	GlobalSection(ExtensibilityGlobals) = postSolution
		SolutionGuid = {CCEF9F62-5533-4305-9FFB-D33D17829B7F}
	EndGlobalSection
EndGlobal
